{
  "name": "kaplay-ui",
  "version": "0.0.1",
  "lockfileVersion": 3,
  "requires": true,
  "packages": {
    "": {
      "name": "kaplay-ui",
      "version": "0.0.1",
      "license": "ISC",
      "dependencies": {
        "kaplay": "^3001.0.10"
      }
    },
    "node_modules/kaplay": {
      "version": "3001.0.10",
      "resolved": "https://registry.npmjs.org/kaplay/-/kaplay-3001.0.10.tgz",
      "integrity": "sha512-dtwT0VkD9qdLq5GNGiCNPjU25uaYRfWCv9LrsxGsf1Elhw1XrP15au/y2IXrek1Avg6/nVex5Rq2ldxlEv2xGQ==",
      "license": "MIT",
      "funding": {
        "url": "https://opencollective.com/kaplay"
      }
    }
  }
}
